// !$*UTF8*$!
{
	archiveVersion = 1;
	classes = {
	};
	objectVersion = 46;
	objects = {

/* Begin PBXBuildFile section */
		181620E01B3D25AD0031C1F3 /* main.m in Sources */ = {isa = PBXBuildFile; fileRef = 181620DF1B3D25AD0031C1F3 /* main.m */; };
		181620E61B3D25AD0031C1F3 /* BossBuy.xcdatamodeld in Sources */ = {isa = PBXBuildFile; fileRef = 181620E41B3D25AD0031C1F3 /* BossBuy.xcdatamodeld */; };
		181620E91B3D25AD0031C1F3 /* ViewController.m in Sources */ = {isa = PBXBuildFile; fileRef = 181620E81B3D25AD0031C1F3 /* ViewController.m */; };
		181620EC1B3D25AD0031C1F3 /* Main.storyboard in Resources */ = {isa = PBXBuildFile; fileRef = 181620EA1B3D25AD0031C1F3 /* Main.storyboard */; };
		181620EE1B3D25AD0031C1F3 /* Images.xcassets in Resources */ = {isa = PBXBuildFile; fileRef = 181620ED1B3D25AD0031C1F3 /* Images.xcassets */; };
		181620F11B3D25AD0031C1F3 /* LaunchScreen.xib in Resources */ = {isa = PBXBuildFile; fileRef = 181620EF1B3D25AD0031C1F3 /* LaunchScreen.xib */; };
		181620FD1B3D25AD0031C1F3 /* BossBuyTests.m in Sources */ = {isa = PBXBuildFile; fileRef = 181620FC1B3D25AD0031C1F3 /* BossBuyTests.m */; };
		181621121B3D281E0031C1F3 /* AppDelegate.m in Sources */ = {isa = PBXBuildFile; fileRef = 181621111B3D281E0031C1F3 /* AppDelegate.m */; };
		18809C361B438745002D3548 /* Constants.m in Sources */ = {isa = PBXBuildFile; fileRef = 18809C351B438745002D3548 /* Constants.m */; };
		18809C3F1B4387B1002D3548 /* JsonTools.m in Sources */ = {isa = PBXBuildFile; fileRef = 18809C381B4387B1002D3548 /* JsonTools.m */; };
		18809C401B4387B1002D3548 /* NetWorkTools.m in Sources */ = {isa = PBXBuildFile; fileRef = 18809C3A1B4387B1002D3548 /* NetWorkTools.m */; };
		18809C411B4387B1002D3548 /* UserTools.m in Sources */ = {isa = PBXBuildFile; fileRef = 18809C3C1B4387B1002D3548 /* UserTools.m */; };
		18809C421B4387B1002D3548 /* ValidateTools.m in Sources */ = {isa = PBXBuildFile; fileRef = 18809C3E1B4387B1002D3548 /* ValidateTools.m */; };
		18809C461B43883F002D3548 /* UserModel.m in Sources */ = {isa = PBXBuildFile; fileRef = 18809C451B43883F002D3548 /* UserModel.m */; };
		18809C4A1B4388E3002D3548 /* LXMainViewController.m in Sources */ = {isa = PBXBuildFile; fileRef = 18809C491B4388E3002D3548 /* LXMainViewController.m */; };
		18809C531B438B61002D3548 /* MainTableViewController.m in Sources */ = {isa = PBXBuildFile; fileRef = 18809C511B438B61002D3548 /* MainTableViewController.m */; };
		18809C541B438B61002D3548 /* MainTableViewController.xib in Resources */ = {isa = PBXBuildFile; fileRef = 18809C521B438B61002D3548 /* MainTableViewController.xib */; };
		18809C571B4396B1002D3548 /* MBProgressHUD+LXProgressHUD.m in Sources */ = {isa = PBXBuildFile; fileRef = 18809C561B4396B1002D3548 /* MBProgressHUD+LXProgressHUD.m */; };
		18809C681B43BA76002D3548 /* main_tabbar_icon.png in Resources */ = {isa = PBXBuildFile; fileRef = 18809C591B43BA76002D3548 /* main_tabbar_icon.png */; };
		18809C691B43BA76002D3548 /* main_tabbar_icon@2x.png in Resources */ = {isa = PBXBuildFile; fileRef = 18809C5A1B43BA76002D3548 /* main_tabbar_icon@2x.png */; };
		18809C6A1B43BA76002D3548 /* main_tabbar_icon@3x.png in Resources */ = {isa = PBXBuildFile; fileRef = 18809C5B1B43BA76002D3548 /* main_tabbar_icon@3x.png */; };
		18809C6B1B43BA76002D3548 /* news_tabbar_icon.png in Resources */ = {isa = PBXBuildFile; fileRef = 18809C5C1B43BA76002D3548 /* news_tabbar_icon.png */; };
		18809C6C1B43BA76002D3548 /* news_tabbar_icon@2x.png in Resources */ = {isa = PBXBuildFile; fileRef = 18809C5D1B43BA76002D3548 /* news_tabbar_icon@2x.png */; };
		18809C6D1B43BA76002D3548 /* news_tabbar_icon@3x.png in Resources */ = {isa = PBXBuildFile; fileRef = 18809C5E1B43BA76002D3548 /* news_tabbar_icon@3x.png */; };
		18809C6E1B43BA76002D3548 /* setting_tabbar_icon.png in Resources */ = {isa = PBXBuildFile; fileRef = 18809C5F1B43BA76002D3548 /* setting_tabbar_icon.png */; };
		18809C6F1B43BA76002D3548 /* setting_tabbar_icon@2x.png in Resources */ = {isa = PBXBuildFile; fileRef = 18809C601B43BA76002D3548 /* setting_tabbar_icon@2x.png */; };
		18809C701B43BA76002D3548 /* setting_tabbar_icon@3x.png in Resources */ = {isa = PBXBuildFile; fileRef = 18809C611B43BA76002D3548 /* setting_tabbar_icon@3x.png */; };
		18809C711B43BA76002D3548 /* shangpin_tabbar_icon.png in Resources */ = {isa = PBXBuildFile; fileRef = 18809C621B43BA76002D3548 /* shangpin_tabbar_icon.png */; };
		18809C721B43BA76002D3548 /* shangpin_tabbar_icon@2x.png in Resources */ = {isa = PBXBuildFile; fileRef = 18809C631B43BA76002D3548 /* shangpin_tabbar_icon@2x.png */; };
		18809C731B43BA76002D3548 /* shangpin_tabbar_icon@3x.png in Resources */ = {isa = PBXBuildFile; fileRef = 18809C641B43BA76002D3548 /* shangpin_tabbar_icon@3x.png */; };
		18809C741B43BA76002D3548 /* shop_tabbar_icon.png in Resources */ = {isa = PBXBuildFile; fileRef = 18809C651B43BA76002D3548 /* shop_tabbar_icon.png */; };
		18809C751B43BA76002D3548 /* shop_tabbar_icon@2x.png in Resources */ = {isa = PBXBuildFile; fileRef = 18809C661B43BA76002D3548 /* shop_tabbar_icon@2x.png */; };
		18809C761B43BA76002D3548 /* shop_tabbar_icon@3x.png in Resources */ = {isa = PBXBuildFile; fileRef = 18809C671B43BA76002D3548 /* shop_tabbar_icon@3x.png */; };
		18809C7A1B43BBBB002D3548 /* CommodityViewController.m in Sources */ = {isa = PBXBuildFile; fileRef = 18809C781B43BBBB002D3548 /* CommodityViewController.m */; };
		18809C7B1B43BBBB002D3548 /* CommodityViewController.xib in Resources */ = {isa = PBXBuildFile; fileRef = 18809C791B43BBBB002D3548 /* CommodityViewController.xib */; };
		18809C7F1B43BBD2002D3548 /* NewsTableViewController.m in Sources */ = {isa = PBXBuildFile; fileRef = 18809C7D1B43BBD2002D3548 /* NewsTableViewController.m */; };
		18809C801B43BBD2002D3548 /* NewsTableViewController.xib in Resources */ = {isa = PBXBuildFile; fileRef = 18809C7E1B43BBD2002D3548 /* NewsTableViewController.xib */; };
		18809C841B43BBEB002D3548 /* SettingViewController.m in Sources */ = {isa = PBXBuildFile; fileRef = 18809C821B43BBEB002D3548 /* SettingViewController.m */; };
		18809C851B43BBEB002D3548 /* SettingViewController.xib in Resources */ = {isa = PBXBuildFile; fileRef = 18809C831B43BBEB002D3548 /* SettingViewController.xib */; };
		18809C891B43BBFC002D3548 /* ShopTableViewController.m in Sources */ = {isa = PBXBuildFile; fileRef = 18809C871B43BBFC002D3548 /* ShopTableViewController.m */; };
		18809C8A1B43BBFC002D3548 /* ShopTableViewController.xib in Resources */ = {isa = PBXBuildFile; fileRef = 18809C881B43BBFC002D3548 /* ShopTableViewController.xib */; };
		18809C8D1B43C88F002D3548 /* MainHeaderView.m in Sources */ = {isa = PBXBuildFile; fileRef = 18809C8C1B43C88F002D3548 /* MainHeaderView.m */; };
		18809C901B43E9CB002D3548 /* AdScrollView.m in Sources */ = {isa = PBXBuildFile; fileRef = 18809C8F1B43E9CB002D3548 /* AdScrollView.m */; };
		230BD7C71B441BBF00652FF8 /* location_icon.png in Resources */ = {isa = PBXBuildFile; fileRef = 230BD7C41B441BBF00652FF8 /* location_icon.png */; };
		230BD7C81B441BBF00652FF8 /* location_icon@2x.png in Resources */ = {isa = PBXBuildFile; fileRef = 230BD7C51B441BBF00652FF8 /* location_icon@2x.png */; };
		230BD7C91B441BBF00652FF8 /* location_icon@3x.png in Resources */ = {isa = PBXBuildFile; fileRef = 230BD7C61B441BBF00652FF8 /* location_icon@3x.png */; };
		79AB4CB07EFC3F586BA19943 /* libPods.a in Frameworks */ = {isa = PBXBuildFile; fileRef = 3E4DCE40A8DE0D01C273F652 /* libPods.a */; };
/* End PBXBuildFile section */

/* Begin PBXContainerItemProxy section */
		181620F71B3D25AD0031C1F3 /* PBXContainerItemProxy */ = {
			isa = PBXContainerItemProxy;
			containerPortal = 181620D21B3D25AD0031C1F3 /* Project object */;
			proxyType = 1;
			remoteGlobalIDString = 181620D91B3D25AD0031C1F3;
			remoteInfo = BossBuy;
		};
/* End PBXContainerItemProxy section */

/* Begin PBXFileReference section */
		181620DA1B3D25AD0031C1F3 /* BossBuy.app */ = {isa = PBXFileReference; explicitFileType = wrapper.application; includeInIndex = 0; path = BossBuy.app; sourceTree = BUILT_PRODUCTS_DIR; };
		181620DE1B3D25AD0031C1F3 /* Info.plist */ = {isa = PBXFileReference; lastKnownFileType = text.plist.xml; path = Info.plist; sourceTree = "<group>"; };
		181620DF1B3D25AD0031C1F3 /* main.m */ = {isa = PBXFileReference; lastKnownFileType = sourcecode.c.objc; path = main.m; sourceTree = "<group>"; };
		181620E51B3D25AD0031C1F3 /* BossBuy.xcdatamodel */ = {isa = PBXFileReference; lastKnownFileType = wrapper.xcdatamodel; path = BossBuy.xcdatamodel; sourceTree = "<group>"; };
		181620E71B3D25AD0031C1F3 /* ViewController.h */ = {isa = PBXFileReference; lastKnownFileType = sourcecode.c.h; path = ViewController.h; sourceTree = "<group>"; };
		181620E81B3D25AD0031C1F3 /* ViewController.m */ = {isa = PBXFileReference; lastKnownFileType = sourcecode.c.objc; path = ViewController.m; sourceTree = "<group>"; };
		181620EB1B3D25AD0031C1F3 /* Base */ = {isa = PBXFileReference; lastKnownFileType = file.storyboard; name = Base; path = Base.lproj/Main.storyboard; sourceTree = "<group>"; };
		181620ED1B3D25AD0031C1F3 /* Images.xcassets */ = {isa = PBXFileReference; lastKnownFileType = folder.assetcatalog; path = Images.xcassets; sourceTree = "<group>"; };
		181620F01B3D25AD0031C1F3 /* Base */ = {isa = PBXFileReference; lastKnownFileType = file.xib; name = Base; path = Base.lproj/LaunchScreen.xib; sourceTree = "<group>"; };
		181620F61B3D25AD0031C1F3 /* BossBuyTests.xctest */ = {isa = PBXFileReference; explicitFileType = wrapper.cfbundle; includeInIndex = 0; path = BossBuyTests.xctest; sourceTree = BUILT_PRODUCTS_DIR; };
		181620FB1B3D25AD0031C1F3 /* Info.plist */ = {isa = PBXFileReference; lastKnownFileType = text.plist.xml; path = Info.plist; sourceTree = "<group>"; };
		181620FC1B3D25AD0031C1F3 /* BossBuyTests.m */ = {isa = PBXFileReference; lastKnownFileType = sourcecode.c.objc; path = BossBuyTests.m; sourceTree = "<group>"; };
		181621101B3D281E0031C1F3 /* AppDelegate.h */ = {isa = PBXFileReference; fileEncoding = 4; lastKnownFileType = sourcecode.c.h; path = AppDelegate.h; sourceTree = "<group>"; };
		181621111B3D281E0031C1F3 /* AppDelegate.m */ = {isa = PBXFileReference; fileEncoding = 4; lastKnownFileType = sourcecode.c.objc; path = AppDelegate.m; sourceTree = "<group>"; };
		18809C341B438745002D3548 /* Constants.h */ = {isa = PBXFileReference; fileEncoding = 4; lastKnownFileType = sourcecode.c.h; path = Constants.h; sourceTree = "<group>"; };
		18809C351B438745002D3548 /* Constants.m */ = {isa = PBXFileReference; fileEncoding = 4; lastKnownFileType = sourcecode.c.objc; path = Constants.m; sourceTree = "<group>"; };
		18809C371B4387B1002D3548 /* JsonTools.h */ = {isa = PBXFileReference; fileEncoding = 4; lastKnownFileType = sourcecode.c.h; path = JsonTools.h; sourceTree = "<group>"; };
		18809C381B4387B1002D3548 /* JsonTools.m */ = {isa = PBXFileReference; fileEncoding = 4; lastKnownFileType = sourcecode.c.objc; path = JsonTools.m; sourceTree = "<group>"; };
		18809C391B4387B1002D3548 /* NetWorkTools.h */ = {isa = PBXFileReference; fileEncoding = 4; lastKnownFileType = sourcecode.c.h; path = NetWorkTools.h; sourceTree = "<group>"; };
		18809C3A1B4387B1002D3548 /* NetWorkTools.m */ = {isa = PBXFileReference; fileEncoding = 4; lastKnownFileType = sourcecode.c.objc; path = NetWorkTools.m; sourceTree = "<group>"; };
		18809C3B1B4387B1002D3548 /* UserTools.h */ = {isa = PBXFileReference; fileEncoding = 4; lastKnownFileType = sourcecode.c.h; path = UserTools.h; sourceTree = "<group>"; };
		18809C3C1B4387B1002D3548 /* UserTools.m */ = {isa = PBXFileReference; fileEncoding = 4; lastKnownFileType = sourcecode.c.objc; path = UserTools.m; sourceTree = "<group>"; };
		18809C3D1B4387B1002D3548 /* ValidateTools.h */ = {isa = PBXFileReference; fileEncoding = 4; lastKnownFileType = sourcecode.c.h; path = ValidateTools.h; sourceTree = "<group>"; };
		18809C3E1B4387B1002D3548 /* ValidateTools.m */ = {isa = PBXFileReference; fileEncoding = 4; lastKnownFileType = sourcecode.c.objc; path = ValidateTools.m; sourceTree = "<group>"; };
		18809C441B43883F002D3548 /* UserModel.h */ = {isa = PBXFileReference; fileEncoding = 4; lastKnownFileType = sourcecode.c.h; path = UserModel.h; sourceTree = "<group>"; };
		18809C451B43883F002D3548 /* UserModel.m */ = {isa = PBXFileReference; fileEncoding = 4; lastKnownFileType = sourcecode.c.objc; path = UserModel.m; sourceTree = "<group>"; };
		18809C481B4388E3002D3548 /* LXMainViewController.h */ = {isa = PBXFileReference; fileEncoding = 4; lastKnownFileType = sourcecode.c.h; path = LXMainViewController.h; sourceTree = "<group>"; };
		18809C491B4388E3002D3548 /* LXMainViewController.m */ = {isa = PBXFileReference; fileEncoding = 4; lastKnownFileType = sourcecode.c.objc; path = LXMainViewController.m; sourceTree = "<group>"; };
		18809C501B438B61002D3548 /* MainTableViewController.h */ = {isa = PBXFileReference; fileEncoding = 4; lastKnownFileType = sourcecode.c.h; path = MainTableViewController.h; sourceTree = "<group>"; };
		18809C511B438B61002D3548 /* MainTableViewController.m */ = {isa = PBXFileReference; fileEncoding = 4; lastKnownFileType = sourcecode.c.objc; path = MainTableViewController.m; sourceTree = "<group>"; };
		18809C521B438B61002D3548 /* MainTableViewController.xib */ = {isa = PBXFileReference; fileEncoding = 4; lastKnownFileType = file.xib; path = MainTableViewController.xib; sourceTree = "<group>"; };
		18809C551B4396B1002D3548 /* MBProgressHUD+LXProgressHUD.h */ = {isa = PBXFileReference; fileEncoding = 4; lastKnownFileType = sourcecode.c.h; path = "MBProgressHUD+LXProgressHUD.h"; sourceTree = "<group>"; };
		18809C561B4396B1002D3548 /* MBProgressHUD+LXProgressHUD.m */ = {isa = PBXFileReference; fileEncoding = 4; lastKnownFileType = sourcecode.c.objc; path = "MBProgressHUD+LXProgressHUD.m"; sourceTree = "<group>"; };
		18809C591B43BA76002D3548 /* main_tabbar_icon.png */ = {isa = PBXFileReference; lastKnownFileType = image.png; path = main_tabbar_icon.png; sourceTree = "<group>"; };
		18809C5A1B43BA76002D3548 /* main_tabbar_icon@2x.png */ = {isa = PBXFileReference; lastKnownFileType = image.png; path = "main_tabbar_icon@2x.png"; sourceTree = "<group>"; };
		18809C5B1B43BA76002D3548 /* main_tabbar_icon@3x.png */ = {isa = PBXFileReference; lastKnownFileType = image.png; path = "main_tabbar_icon@3x.png"; sourceTree = "<group>"; };
		18809C5C1B43BA76002D3548 /* news_tabbar_icon.png */ = {isa = PBXFileReference; lastKnownFileType = image.png; path = news_tabbar_icon.png; sourceTree = "<group>"; };
		18809C5D1B43BA76002D3548 /* news_tabbar_icon@2x.png */ = {isa = PBXFileReference; lastKnownFileType = image.png; path = "news_tabbar_icon@2x.png"; sourceTree = "<group>"; };
		18809C5E1B43BA76002D3548 /* news_tabbar_icon@3x.png */ = {isa = PBXFileReference; lastKnownFileType = image.png; path = "news_tabbar_icon@3x.png"; sourceTree = "<group>"; };
		18809C5F1B43BA76002D3548 /* setting_tabbar_icon.png */ = {isa = PBXFileReference; lastKnownFileType = image.png; path = setting_tabbar_icon.png; sourceTree = "<group>"; };
		18809C601B43BA76002D3548 /* setting_tabbar_icon@2x.png */ = {isa = PBXFileReference; lastKnownFileType = image.png; path = "setting_tabbar_icon@2x.png"; sourceTree = "<group>"; };
		18809C611B43BA76002D3548 /* setting_tabbar_icon@3x.png */ = {isa = PBXFileReference; lastKnownFileType = image.png; path = "setting_tabbar_icon@3x.png"; sourceTree = "<group>"; };
		18809C621B43BA76002D3548 /* shangpin_tabbar_icon.png */ = {isa = PBXFileReference; lastKnownFileType = image.png; path = shangpin_tabbar_icon.png; sourceTree = "<group>"; };
		18809C631B43BA76002D3548 /* shangpin_tabbar_icon@2x.png */ = {isa = PBXFileReference; lastKnownFileType = image.png; path = "shangpin_tabbar_icon@2x.png"; sourceTree = "<group>"; };
		18809C641B43BA76002D3548 /* shangpin_tabbar_icon@3x.png */ = {isa = PBXFileReference; lastKnownFileType = image.png; path = "shangpin_tabbar_icon@3x.png"; sourceTree = "<group>"; };
		18809C651B43BA76002D3548 /* shop_tabbar_icon.png */ = {isa = PBXFileReference; lastKnownFileType = image.png; path = shop_tabbar_icon.png; sourceTree = "<group>"; };
		18809C661B43BA76002D3548 /* shop_tabbar_icon@2x.png */ = {isa = PBXFileReference; lastKnownFileType = image.png; path = "shop_tabbar_icon@2x.png"; sourceTree = "<group>"; };
		18809C671B43BA76002D3548 /* shop_tabbar_icon@3x.png */ = {isa = PBXFileReference; lastKnownFileType = image.png; path = "shop_tabbar_icon@3x.png"; sourceTree = "<group>"; };
		18809C771B43BBBB002D3548 /* CommodityViewController.h */ = {isa = PBXFileReference; fileEncoding = 4; lastKnownFileType = sourcecode.c.h; path = CommodityViewController.h; sourceTree = "<group>"; };
		18809C781B43BBBB002D3548 /* CommodityViewController.m */ = {isa = PBXFileReference; fileEncoding = 4; lastKnownFileType = sourcecode.c.objc; path = CommodityViewController.m; sourceTree = "<group>"; };
		18809C791B43BBBB002D3548 /* CommodityViewController.xib */ = {isa = PBXFileReference; fileEncoding = 4; lastKnownFileType = file.xib; path = CommodityViewController.xib; sourceTree = "<group>"; };
		18809C7C1B43BBD2002D3548 /* NewsTableViewController.h */ = {isa = PBXFileReference; fileEncoding = 4; lastKnownFileType = sourcecode.c.h; path = NewsTableViewController.h; sourceTree = "<group>"; };
		18809C7D1B43BBD2002D3548 /* NewsTableViewController.m */ = {isa = PBXFileReference; fileEncoding = 4; lastKnownFileType = sourcecode.c.objc; path = NewsTableViewController.m; sourceTree = "<group>"; };
		18809C7E1B43BBD2002D3548 /* NewsTableViewController.xib */ = {isa = PBXFileReference; fileEncoding = 4; lastKnownFileType = file.xib; path = NewsTableViewController.xib; sourceTree = "<group>"; };
		18809C811B43BBEB002D3548 /* SettingViewController.h */ = {isa = PBXFileReference; fileEncoding = 4; lastKnownFileType = sourcecode.c.h; path = SettingViewController.h; sourceTree = "<group>"; };
		18809C821B43BBEB002D3548 /* SettingViewController.m */ = {isa = PBXFileReference; fileEncoding = 4; lastKnownFileType = sourcecode.c.objc; path = SettingViewController.m; sourceTree = "<group>"; };
		18809C831B43BBEB002D3548 /* SettingViewController.xib */ = {isa = PBXFileReference; fileEncoding = 4; lastKnownFileType = file.xib; path = SettingViewController.xib; sourceTree = "<group>"; };
		18809C861B43BBFC002D3548 /* ShopTableViewController.h */ = {isa = PBXFileReference; fileEncoding = 4; lastKnownFileType = sourcecode.c.h; path = ShopTableViewController.h; sourceTree = "<group>"; };
		18809C871B43BBFC002D3548 /* ShopTableViewController.m */ = {isa = PBXFileReference; fileEncoding = 4; lastKnownFileType = sourcecode.c.objc; path = ShopTableViewController.m; sourceTree = "<group>"; };
		18809C881B43BBFC002D3548 /* ShopTableViewController.xib */ = {isa = PBXFileReference; fileEncoding = 4; lastKnownFileType = file.xib; path = ShopTableViewController.xib; sourceTree = "<group>"; };
		18809C8B1B43C88F002D3548 /* MainHeaderView.h */ = {isa = PBXFileReference; fileEncoding = 4; lastKnownFileType = sourcecode.c.h; path = MainHeaderView.h; sourceTree = "<group>"; };
		18809C8C1B43C88F002D3548 /* MainHeaderView.m */ = {isa = PBXFileReference; fileEncoding = 4; lastKnownFileType = sourcecode.c.objc; path = MainHeaderView.m; sourceTree = "<group>"; };
		18809C8E1B43E9CB002D3548 /* AdScrollView.h */ = {isa = PBXFileReference; fileEncoding = 4; lastKnownFileType = sourcecode.c.h; path = AdScrollView.h; sourceTree = "<group>"; };
		18809C8F1B43E9CB002D3548 /* AdScrollView.m */ = {isa = PBXFileReference; fileEncoding = 4; lastKnownFileType = sourcecode.c.objc; path = AdScrollView.m; sourceTree = "<group>"; };
		230BD7C41B441BBF00652FF8 /* location_icon.png */ = {isa = PBXFileReference; lastKnownFileType = image.png; path = location_icon.png; sourceTree = "<group>"; };
		230BD7C51B441BBF00652FF8 /* location_icon@2x.png */ = {isa = PBXFileReference; lastKnownFileType = image.png; path = "location_icon@2x.png"; sourceTree = "<group>"; };
		230BD7C61B441BBF00652FF8 /* location_icon@3x.png */ = {isa = PBXFileReference; lastKnownFileType = image.png; path = "location_icon@3x.png"; sourceTree = "<group>"; };
		3E4DCE40A8DE0D01C273F652 /* libPods.a */ = {isa = PBXFileReference; explicitFileType = archive.ar; includeInIndex = 0; path = libPods.a; sourceTree = BUILT_PRODUCTS_DIR; };
		5DCCF0165D4BCC3021581B24 /* Pods.release.xcconfig */ = {isa = PBXFileReference; includeInIndex = 1; lastKnownFileType = text.xcconfig; name = Pods.release.xcconfig; path = "Pods/Target Support Files/Pods/Pods.release.xcconfig"; sourceTree = "<group>"; };
		69E8AA8BAAE2F94534BF725D /* Pods.debug.xcconfig */ = {isa = PBXFileReference; includeInIndex = 1; lastKnownFileType = text.xcconfig; name = Pods.debug.xcconfig; path = "Pods/Target Support Files/Pods/Pods.debug.xcconfig"; sourceTree = "<group>"; };
/* End PBXFileReference section */

/* Begin PBXFrameworksBuildPhase section */
		181620D71B3D25AD0031C1F3 /* Frameworks */ = {
			isa = PBXFrameworksBuildPhase;
			buildActionMask = 2147483647;
			files = (
				79AB4CB07EFC3F586BA19943 /* libPods.a in Frameworks */,
			);
			runOnlyForDeploymentPostprocessing = 0;
		};
		181620F31B3D25AD0031C1F3 /* Frameworks */ = {
			isa = PBXFrameworksBuildPhase;
			buildActionMask = 2147483647;
			files = (
			);
			runOnlyForDeploymentPostprocessing = 0;
		};
/* End PBXFrameworksBuildPhase section */

/* Begin PBXGroup section */
		0070F97185A7E91C103F8A0A /* Pods */ = {
			isa = PBXGroup;
			children = (
				69E8AA8BAAE2F94534BF725D /* Pods.debug.xcconfig */,
				5DCCF0165D4BCC3021581B24 /* Pods.release.xcconfig */,
			);
			name = Pods;
			sourceTree = "<group>";
		};
		181620D11B3D25AD0031C1F3 = {
			isa = PBXGroup;
			children = (
				181620DC1B3D25AD0031C1F3 /* BossBuy */,
				181620F91B3D25AD0031C1F3 /* BossBuyTests */,
				181620DB1B3D25AD0031C1F3 /* Products */,
				0070F97185A7E91C103F8A0A /* Pods */,
				CD0DCAA4548E2371D7E182FD /* Frameworks */,
			);
			sourceTree = "<group>";
		};
		181620DB1B3D25AD0031C1F3 /* Products */ = {
			isa = PBXGroup;
			children = (
				181620DA1B3D25AD0031C1F3 /* BossBuy.app */,
				181620F61B3D25AD0031C1F3 /* BossBuyTests.xctest */,
			);
			name = Products;
			sourceTree = "<group>";
		};
		181620DC1B3D25AD0031C1F3 /* BossBuy */ = {
			isa = PBXGroup;
			children = (
				1816210F1B3D281E0031C1F3 /* AppDelegate */,
				1816210E1B3D26EB0031C1F3 /* ViewModel */,
				181621061B3D26B90031C1F3 /* Category */,
				181621071B3D26B90031C1F3 /* Cell */,
				181621081B3D26B90031C1F3 /* Constants */,
				181621091B3D26B90031C1F3 /* CustomView */,
				1816210A1B3D26B90031C1F3 /* Libs */,
				1816210B1B3D26B90031C1F3 /* Model */,
				1816210C1B3D26B90031C1F3 /* Tools */,
				1816210D1B3D26B90031C1F3 /* ViewController */,
				181620E71B3D25AD0031C1F3 /* ViewController.h */,
				181620E81B3D25AD0031C1F3 /* ViewController.m */,
				181620EA1B3D25AD0031C1F3 /* Main.storyboard */,
				181620ED1B3D25AD0031C1F3 /* Images.xcassets */,
				181620EF1B3D25AD0031C1F3 /* LaunchScreen.xib */,
				181620E41B3D25AD0031C1F3 /* BossBuy.xcdatamodeld */,
				181620DD1B3D25AD0031C1F3 /* Supporting Files */,
			);
			path = BossBuy;
			sourceTree = "<group>";
		};
		181620DD1B3D25AD0031C1F3 /* Supporting Files */ = {
			isa = PBXGroup;
			children = (
				18809C581B43BA76002D3548 /* Images */,
				181620DE1B3D25AD0031C1F3 /* Info.plist */,
				181620DF1B3D25AD0031C1F3 /* main.m */,
			);
			name = "Supporting Files";
			sourceTree = "<group>";
		};
		181620F91B3D25AD0031C1F3 /* BossBuyTests */ = {
			isa = PBXGroup;
			children = (
				181620FC1B3D25AD0031C1F3 /* BossBuyTests.m */,
				181620FA1B3D25AD0031C1F3 /* Supporting Files */,
			);
			path = BossBuyTests;
			sourceTree = "<group>";
		};
		181620FA1B3D25AD0031C1F3 /* Supporting Files */ = {
			isa = PBXGroup;
			children = (
				181620FB1B3D25AD0031C1F3 /* Info.plist */,
			);
			name = "Supporting Files";
			sourceTree = "<group>";
		};
		181621061B3D26B90031C1F3 /* Category */ = {
			isa = PBXGroup;
			children = (
				18809C551B4396B1002D3548 /* MBProgressHUD+LXProgressHUD.h */,
				18809C561B4396B1002D3548 /* MBProgressHUD+LXProgressHUD.m */,
			);
			path = Category;
			sourceTree = "<group>";
		};
		181621071B3D26B90031C1F3 /* Cell */ = {
			isa = PBXGroup;
			children = (
			);
			path = Cell;
			sourceTree = "<group>";
		};
		181621081B3D26B90031C1F3 /* Constants */ = {
			isa = PBXGroup;
			children = (
				18809C341B438745002D3548 /* Constants.h */,
				18809C351B438745002D3548 /* Constants.m */,
			);
			path = Constants;
			sourceTree = "<group>";
		};
		181621091B3D26B90031C1F3 /* CustomView */ = {
			isa = PBXGroup;
			children = (
				18809C8B1B43C88F002D3548 /* MainHeaderView.h */,
				18809C8C1B43C88F002D3548 /* MainHeaderView.m */,
				18809C8E1B43E9CB002D3548 /* AdScrollView.h */,
				18809C8F1B43E9CB002D3548 /* AdScrollView.m */,
			);
			path = CustomView;
			sourceTree = "<group>";
		};
		1816210A1B3D26B90031C1F3 /* Libs */ = {
			isa = PBXGroup;
			children = (
			);
			path = Libs;
			sourceTree = "<group>";
		};
		1816210B1B3D26B90031C1F3 /* Model */ = {
			isa = PBXGroup;
			children = (
				18809C431B43883F002D3548 /* UserModel */,
			);
			path = Model;
			sourceTree = "<group>";
		};
		1816210C1B3D26B90031C1F3 /* Tools */ = {
			isa = PBXGroup;
			children = (
				18809C371B4387B1002D3548 /* JsonTools.h */,
				18809C381B4387B1002D3548 /* JsonTools.m */,
				18809C391B4387B1002D3548 /* NetWorkTools.h */,
				18809C3A1B4387B1002D3548 /* NetWorkTools.m */,
				18809C3B1B4387B1002D3548 /* UserTools.h */,
				18809C3C1B4387B1002D3548 /* UserTools.m */,
				18809C3D1B4387B1002D3548 /* ValidateTools.h */,
				18809C3E1B4387B1002D3548 /* ValidateTools.m */,
			);
			path = Tools;
			sourceTree = "<group>";
		};
		1816210D1B3D26B90031C1F3 /* ViewController */ = {
			isa = PBXGroup;
			children = (
				18809C4C1B438B25002D3548 /* Main */,
				18809C4F1B438B25002D3548 /* Shop */,
				18809C4B1B438B25002D3548 /* Commodity */,
				18809C4D1B438B25002D3548 /* News */,
				18809C4E1B438B25002D3548 /* Setting */,
				18809C471B438878002D3548 /* TabBar */,
			);
			path = ViewController;
			sourceTree = "<group>";
		};
		1816210E1B3D26EB0031C1F3 /* ViewModel */ = {
			isa = PBXGroup;
			children = (
			);
			path = ViewModel;
			sourceTree = "<group>";
		};
		1816210F1B3D281E0031C1F3 /* AppDelegate */ = {
			isa = PBXGroup;
			children = (
				181621101B3D281E0031C1F3 /* AppDelegate.h */,
				181621111B3D281E0031C1F3 /* AppDelegate.m */,
			);
			path = AppDelegate;
			sourceTree = "<group>";
		};
		18809C431B43883F002D3548 /* UserModel */ = {
			isa = PBXGroup;
			children = (
				18809C441B43883F002D3548 /* UserModel.h */,
				18809C451B43883F002D3548 /* UserModel.m */,
			);
			path = UserModel;
			sourceTree = "<group>";
		};
		18809C471B438878002D3548 /* TabBar */ = {
			isa = PBXGroup;
			children = (
				18809C481B4388E3002D3548 /* LXMainViewController.h */,
				18809C491B4388E3002D3548 /* LXMainViewController.m */,
			);
			path = TabBar;
			sourceTree = "<group>";
		};
		18809C4B1B438B25002D3548 /* Commodity */ = {
			isa = PBXGroup;
			children = (
				18809C771B43BBBB002D3548 /* CommodityViewController.h */,
				18809C781B43BBBB002D3548 /* CommodityViewController.m */,
				18809C791B43BBBB002D3548 /* CommodityViewController.xib */,
			);
			path = Commodity;
			sourceTree = "<group>";
		};
		18809C4C1B438B25002D3548 /* Main */ = {
			isa = PBXGroup;
			children = (
				18809C501B438B61002D3548 /* MainTableViewController.h */,
				18809C511B438B61002D3548 /* MainTableViewController.m */,
				18809C521B438B61002D3548 /* MainTableViewController.xib */,
			);
			path = Main;
			sourceTree = "<group>";
		};
		18809C4D1B438B25002D3548 /* News */ = {
			isa = PBXGroup;
			children = (
				18809C7C1B43BBD2002D3548 /* NewsTableViewController.h */,
				18809C7D1B43BBD2002D3548 /* NewsTableViewController.m */,
				18809C7E1B43BBD2002D3548 /* NewsTableViewController.xib */,
			);
			path = News;
			sourceTree = "<group>";
		};
		18809C4E1B438B25002D3548 /* Setting */ = {
			isa = PBXGroup;
			children = (
				18809C811B43BBEB002D3548 /* SettingViewController.h */,
				18809C821B43BBEB002D3548 /* SettingViewController.m */,
				18809C831B43BBEB002D3548 /* SettingViewController.xib */,
			);
			path = Setting;
			sourceTree = "<group>";
		};
		18809C4F1B438B25002D3548 /* Shop */ = {
			isa = PBXGroup;
			children = (
				18809C861B43BBFC002D3548 /* ShopTableViewController.h */,
				18809C871B43BBFC002D3548 /* ShopTableViewController.m */,
				18809C881B43BBFC002D3548 /* ShopTableViewController.xib */,
			);
			path = Shop;
			sourceTree = "<group>";
		};
		18809C581B43BA76002D3548 /* Images */ = {
			isa = PBXGroup;
			children = (
				230BD7C41B441BBF00652FF8 /* location_icon.png */,
				230BD7C51B441BBF00652FF8 /* location_icon@2x.png */,
				230BD7C61B441BBF00652FF8 /* location_icon@3x.png */,
				18809C591B43BA76002D3548 /* main_tabbar_icon.png */,
				18809C5A1B43BA76002D3548 /* main_tabbar_icon@2x.png */,
				18809C5B1B43BA76002D3548 /* main_tabbar_icon@3x.png */,
				18809C5C1B43BA76002D3548 /* news_tabbar_icon.png */,
				18809C5D1B43BA76002D3548 /* news_tabbar_icon@2x.png */,
				18809C5E1B43BA76002D3548 /* news_tabbar_icon@3x.png */,
				18809C5F1B43BA76002D3548 /* setting_tabbar_icon.png */,
				18809C601B43BA76002D3548 /* setting_tabbar_icon@2x.png */,
				18809C611B43BA76002D3548 /* setting_tabbar_icon@3x.png */,
				18809C621B43BA76002D3548 /* shangpin_tabbar_icon.png */,
				18809C631B43BA76002D3548 /* shangpin_tabbar_icon@2x.png */,
				18809C641B43BA76002D3548 /* shangpin_tabbar_icon@3x.png */,
				18809C651B43BA76002D3548 /* shop_tabbar_icon.png */,
				18809C661B43BA76002D3548 /* shop_tabbar_icon@2x.png */,
				18809C671B43BA76002D3548 /* shop_tabbar_icon@3x.png */,
			);
			path = Images;
			sourceTree = "<group>";
		};
		CD0DCAA4548E2371D7E182FD /* Frameworks */ = {
			isa = PBXGroup;
			children = (
				3E4DCE40A8DE0D01C273F652 /* libPods.a */,
			);
			name = Frameworks;
			sourceTree = "<group>";
		};
/* End PBXGroup section */

/* Begin PBXNativeTarget section */
		181620D91B3D25AD0031C1F3 /* BossBuy */ = {
			isa = PBXNativeTarget;
			buildConfigurationList = 181621001B3D25AD0031C1F3 /* Build configuration list for PBXNativeTarget "BossBuy" */;
			buildPhases = (
				DAD69040D65D094D63D05139 /* Check Pods Manifest.lock */,
				181620D61B3D25AD0031C1F3 /* Sources */,
				181620D71B3D25AD0031C1F3 /* Frameworks */,
				181620D81B3D25AD0031C1F3 /* Resources */,
				3A8FDF393A8951C1551FA39D /* Copy Pods Resources */,
			);
			buildRules = (
			);
			dependencies = (
			);
			name = BossBuy;
			productName = BossBuy;
			productReference = 181620DA1B3D25AD0031C1F3 /* BossBuy.app */;
			productType = "com.apple.product-type.application";
		};
		181620F51B3D25AD0031C1F3 /* BossBuyTests */ = {
			isa = PBXNativeTarget;
			buildConfigurationList = 181621031B3D25AD0031C1F3 /* Build configuration list for PBXNativeTarget "BossBuyTests" */;
			buildPhases = (
				181620F21B3D25AD0031C1F3 /* Sources */,
				181620F31B3D25AD0031C1F3 /* Frameworks */,
				181620F41B3D25AD0031C1F3 /* Resources */,
			);
			buildRules = (
			);
			dependencies = (
				181620F81B3D25AD0031C1F3 /* PBXTargetDependency */,
			);
			name = BossBuyTests;
			productName = BossBuyTests;
			productReference = 181620F61B3D25AD0031C1F3 /* BossBuyTests.xctest */;
			productType = "com.apple.product-type.bundle.unit-test";
		};
/* End PBXNativeTarget section */

/* Begin PBXProject section */
		181620D21B3D25AD0031C1F3 /* Project object */ = {
			isa = PBXProject;
			attributes = {
				LastUpgradeCheck = 0630;
				ORGANIZATIONNAME = "郑州立信科技";
				TargetAttributes = {
					181620D91B3D25AD0031C1F3 = {
						CreatedOnToolsVersion = 6.3.1;
					};
					181620F51B3D25AD0031C1F3 = {
						CreatedOnToolsVersion = 6.3.1;
						TestTargetID = 181620D91B3D25AD0031C1F3;
					};
				};
			};
			buildConfigurationList = 181620D51B3D25AD0031C1F3 /* Build configuration list for PBXProject "BossBuy" */;
			compatibilityVersion = "Xcode 3.2";
			developmentRegion = English;
			hasScannedForEncodings = 0;
			knownRegions = (
				en,
				Base,
			);
			mainGroup = 181620D11B3D25AD0031C1F3;
			productRefGroup = 181620DB1B3D25AD0031C1F3 /* Products */;
			projectDirPath = "";
			projectRoot = "";
			targets = (
				181620D91B3D25AD0031C1F3 /* BossBuy */,
				181620F51B3D25AD0031C1F3 /* BossBuyTests */,
			);
		};
/* End PBXProject section */

/* Begin PBXResourcesBuildPhase section */
		181620D81B3D25AD0031C1F3 /* Resources */ = {
			isa = PBXResourcesBuildPhase;
			buildActionMask = 2147483647;
			files = (
				18809C721B43BA76002D3548 /* shangpin_tabbar_icon@2x.png in Resources */,
				18809C801B43BBD2002D3548 /* NewsTableViewController.xib in Resources */,
				18809C691B43BA76002D3548 /* main_tabbar_icon@2x.png in Resources */,
				18809C6C1B43BA76002D3548 /* news_tabbar_icon@2x.png in Resources */,
				18809C541B438B61002D3548 /* MainTableViewController.xib in Resources */,
				18809C731B43BA76002D3548 /* shangpin_tabbar_icon@3x.png in Resources */,
				18809C6A1B43BA76002D3548 /* main_tabbar_icon@3x.png in Resources */,
				18809C851B43BBEB002D3548 /* SettingViewController.xib in Resources */,
				18809C6F1B43BA76002D3548 /* setting_tabbar_icon@2x.png in Resources */,
				230BD7C91B441BBF00652FF8 /* location_icon@3x.png in Resources */,
				18809C701B43BA76002D3548 /* setting_tabbar_icon@3x.png in Resources */,
				181620EC1B3D25AD0031C1F3 /* Main.storyboard in Resources */,
				18809C6E1B43BA76002D3548 /* setting_tabbar_icon.png in Resources */,
				18809C6D1B43BA76002D3548 /* news_tabbar_icon@3x.png in Resources */,
				230BD7C81B441BBF00652FF8 /* location_icon@2x.png in Resources */,
				18809C681B43BA76002D3548 /* main_tabbar_icon.png in Resources */,
				18809C711B43BA76002D3548 /* shangpin_tabbar_icon.png in Resources */,
				18809C761B43BA76002D3548 /* shop_tabbar_icon@3x.png in Resources */,
				18809C741B43BA76002D3548 /* shop_tabbar_icon.png in Resources */,
				181620F11B3D25AD0031C1F3 /* LaunchScreen.xib in Resources */,
				18809C7B1B43BBBB002D3548 /* CommodityViewController.xib in Resources */,
				181620EE1B3D25AD0031C1F3 /* Images.xcassets in Resources */,
				18809C6B1B43BA76002D3548 /* news_tabbar_icon.png in Resources */,
				230BD7C71B441BBF00652FF8 /* location_icon.png in Resources */,
				18809C751B43BA76002D3548 /* shop_tabbar_icon@2x.png in Resources */,
				18809C8A1B43BBFC002D3548 /* ShopTableViewController.xib in Resources */,
			);
			runOnlyForDeploymentPostprocessing = 0;
		};
		181620F41B3D25AD0031C1F3 /* Resources */ = {
			isa = PBXResourcesBuildPhase;
			buildActionMask = 2147483647;
			files = (
			);
			runOnlyForDeploymentPostprocessing = 0;
		};
/* End PBXResourcesBuildPhase section */

/* Begin PBXShellScriptBuildPhase section */
		3A8FDF393A8951C1551FA39D /* Copy Pods Resources */ = {
			isa = PBXShellScriptBuildPhase;
			buildActionMask = 2147483647;
			files = (
			);
			inputPaths = (
			);
			name = "Copy Pods Resources";
			outputPaths = (
			);
			runOnlyForDeploymentPostprocessing = 0;
			shellPath = /bin/sh;
			shellScript = "\"${SRCROOT}/Pods/Target Support Files/Pods/Pods-resources.sh\"\n";
			showEnvVarsInLog = 0;
		};
		DAD69040D65D094D63D05139 /* Check Pods Manifest.lock */ = {
			isa = PBXShellScriptBuildPhase;
			buildActionMask = 2147483647;
			files = (
			);
			inputPaths = (
			);
			name = "Check Pods Manifest.lock";
			outputPaths = (
			);
			runOnlyForDeploymentPostprocessing = 0;
			shellPath = /bin/sh;
			shellScript = "diff \"${PODS_ROOT}/../Podfile.lock\" \"${PODS_ROOT}/Manifest.lock\" > /dev/null\nif [[ $? != 0 ]] ; then\n    cat << EOM\nerror: The sandbox is not in sync with the Podfile.lock. Run 'pod install' or update your CocoaPods installation.\nEOM\n    exit 1\nfi\n";
			showEnvVarsInLog = 0;
		};
/* End PBXShellScriptBuildPhase section */

/* Begin PBXSourcesBuildPhase section */
		181620D61B3D25AD0031C1F3 /* Sources */ = {
			isa = PBXSourcesBuildPhase;
			buildActionMask = 2147483647;
			files = (
				18809C361B438745002D3548 /* Constants.m in Sources */,
				18809C421B4387B1002D3548 /* ValidateTools.m in Sources */,
				181621121B3D281E0031C1F3 /* AppDelegate.m in Sources */,
				181620E61B3D25AD0031C1F3 /* BossBuy.xcdatamodeld in Sources */,
				18809C401B4387B1002D3548 /* NetWorkTools.m in Sources */,
				18809C901B43E9CB002D3548 /* AdScrollView.m in Sources */,
				18809C3F1B4387B1002D3548 /* JsonTools.m in Sources */,
				18809C8D1B43C88F002D3548 /* MainHeaderView.m in Sources */,
				18809C7F1B43BBD2002D3548 /* NewsTableViewController.m in Sources */,
				18809C571B4396B1002D3548 /* MBProgressHUD+LXProgressHUD.m in Sources */,
				18809C461B43883F002D3548 /* UserModel.m in Sources */,
				18809C4A1B4388E3002D3548 /* LXMainViewController.m in Sources */,
				18809C531B438B61002D3548 /* MainTableViewController.m in Sources */,
				18809C891B43BBFC002D3548 /* ShopTableViewController.m in Sources */,
				181620E91B3D25AD0031C1F3 /* ViewController.m in Sources */,
				18809C411B4387B1002D3548 /* UserTools.m in Sources */,
				18809C7A1B43BBBB002D3548 /* CommodityViewController.m in Sources */,
				181620E01B3D25AD0031C1F3 /* main.m in Sources */,
				18809C841B43BBEB002D3548 /* SettingViewController.m in Sources */,
			);
			runOnlyForDeploymentPostprocessing = 0;
		};
		181620F21B3D25AD0031C1F3 /* Sources */ = {
			isa = PBXSourcesBuildPhase;
			buildActionMask = 2147483647;
			files = (
				181620FD1B3D25AD0031C1F3 /* BossBuyTests.m in Sources */,
			);
			runOnlyForDeploymentPostprocessing = 0;
		};
/* End PBXSourcesBuildPhase section */

/* Begin PBXTargetDependency section */
		181620F81B3D25AD0031C1F3 /* PBXTargetDependency */ = {
			isa = PBXTargetDependency;
			target = 181620D91B3D25AD0031C1F3 /* BossBuy */;
			targetProxy = 181620F71B3D25AD0031C1F3 /* PBXContainerItemProxy */;
		};
/* End PBXTargetDependency section */

/* Begin PBXVariantGroup section */
		181620EA1B3D25AD0031C1F3 /* Main.storyboard */ = {
			isa = PBXVariantGroup;
			children = (
				181620EB1B3D25AD0031C1F3 /* Base */,
			);
			name = Main.storyboard;
			sourceTree = "<group>";
		};
		181620EF1B3D25AD0031C1F3 /* LaunchScreen.xib */ = {
			isa = PBXVariantGroup;
			children = (
				181620F01B3D25AD0031C1F3 /* Base */,
			);
			name = LaunchScreen.xib;
			sourceTree = "<group>";
		};
/* End PBXVariantGroup section */

/* Begin XCBuildConfiguration section */
		181620FE1B3D25AD0031C1F3 /* Debug */ = {
			isa = XCBuildConfiguration;
			buildSettings = {
				ALWAYS_SEARCH_USER_PATHS = NO;
				CLANG_CXX_LANGUAGE_STANDARD = "gnu++0x";
				CLANG_CXX_LIBRARY = "libc++";
				CLANG_ENABLE_MODULES = YES;
				CLANG_ENABLE_OBJC_ARC = YES;
				CLANG_WARN_BOOL_CONVERSION = YES;
				CLANG_WARN_CONSTANT_CONVERSION = YES;
				CLANG_WARN_DIRECT_OBJC_ISA_USAGE = YES_ERROR;
				CLANG_WARN_EMPTY_BODY = YES;
				CLANG_WARN_ENUM_CONVERSION = YES;
				CLANG_WARN_INT_CONVERSION = YES;
				CLANG_WARN_OBJC_ROOT_CLASS = YES_ERROR;
				CLANG_WARN_UNREACHABLE_CODE = YES;
				CLANG_WARN__DUPLICATE_METHOD_MATCH = YES;
				"CODE_SIGN_IDENTITY[sdk=iphoneos*]" = "iPhone Developer";
				COPY_PHASE_STRIP = NO;
				DEBUG_INFORMATION_FORMAT = "dwarf-with-dsym";
				ENABLE_STRICT_OBJC_MSGSEND = YES;
				GCC_C_LANGUAGE_STANDARD = gnu99;
				GCC_DYNAMIC_NO_PIC = NO;
				GCC_NO_COMMON_BLOCKS = YES;
				GCC_OPTIMIZATION_LEVEL = 0;
				GCC_PREPROCESSOR_DEFINITIONS = (
					"DEBUG=1",
					"$(inherited)",
				);
				GCC_SYMBOLS_PRIVATE_EXTERN = NO;
				GCC_WARN_64_TO_32_BIT_CONVERSION = YES;
				GCC_WARN_ABOUT_RETURN_TYPE = YES_ERROR;
				GCC_WARN_UNDECLARED_SELECTOR = YES;
				GCC_WARN_UNINITIALIZED_AUTOS = YES_AGGRESSIVE;
				GCC_WARN_UNUSED_FUNCTION = YES;
				GCC_WARN_UNUSED_VARIABLE = YES;
				IPHONEOS_DEPLOYMENT_TARGET = 8.3;
				MTL_ENABLE_DEBUG_INFO = YES;
				ONLY_ACTIVE_ARCH = YES;
				SDKROOT = iphoneos;
				TARGETED_DEVICE_FAMILY = "1,2";
			};
			name = Debug;
		};
		181620FF1B3D25AD0031C1F3 /* Release */ = {
			isa = XCBuildConfiguration;
			buildSettings = {
				ALWAYS_SEARCH_USER_PATHS = NO;
				CLANG_CXX_LANGUAGE_STANDARD = "gnu++0x";
				CLANG_CXX_LIBRARY = "libc++";
				CLANG_ENABLE_MODULES = YES;
				CLANG_ENABLE_OBJC_ARC = YES;
				CLANG_WARN_BOOL_CONVERSION = YES;
				CLANG_WARN_CONSTANT_CONVERSION = YES;
				CLANG_WARN_DIRECT_OBJC_ISA_USAGE = YES_ERROR;
				CLANG_WARN_EMPTY_BODY = YES;
				CLANG_WARN_ENUM_CONVERSION = YES;
				CLANG_WARN_INT_CONVERSION = YES;
				CLANG_WARN_OBJC_ROOT_CLASS = YES_ERROR;
				CLANG_WARN_UNREACHABLE_CODE = YES;
				CLANG_WARN__DUPLICATE_METHOD_MATCH = YES;
				"CODE_SIGN_IDENTITY[sdk=iphoneos*]" = "iPhone Developer";
				COPY_PHASE_STRIP = NO;
				DEBUG_INFORMATION_FORMAT = "dwarf-with-dsym";
				ENABLE_NS_ASSERTIONS = NO;
				ENABLE_STRICT_OBJC_MSGSEND = YES;
				GCC_C_LANGUAGE_STANDARD = gnu99;
				GCC_NO_COMMON_BLOCKS = YES;
				GCC_WARN_64_TO_32_BIT_CONVERSION = YES;
				GCC_WARN_ABOUT_RETURN_TYPE = YES_ERROR;
				GCC_WARN_UNDECLARED_SELECTOR = YES;
				GCC_WARN_UNINITIALIZED_AUTOS = YES_AGGRESSIVE;
				GCC_WARN_UNUSED_FUNCTION = YES;
				GCC_WARN_UNUSED_VARIABLE = YES;
				IPHONEOS_DEPLOYMENT_TARGET = 8.3;
				MTL_ENABLE_DEBUG_INFO = NO;
				SDKROOT = iphoneos;
				TARGETED_DEVICE_FAMILY = "1,2";
				VALIDATE_PRODUCT = YES;
			};
			name = Release;
		};
		181621011B3D25AD0031C1F3 /* Debug */ = {
			isa = XCBuildConfiguration;
			baseConfigurationReference = 69E8AA8BAAE2F94534BF725D /* Pods.debug.xcconfig */;
			buildSettings = {
				ASSETCATALOG_COMPILER_APPICON_NAME = AppIcon;
				INFOPLIST_FILE = BossBuy/Info.plist;
				IPHONEOS_DEPLOYMENT_TARGET = 7.0;
				LD_RUNPATH_SEARCH_PATHS = "$(inherited) @executable_path/Frameworks";
				PRODUCT_NAME = "$(TARGET_NAME)";
			};
			name = Debug;
		};
		181621021B3D25AD0031C1F3 /* Release */ = {
			isa = XCBuildConfiguration;
			baseConfigurationReference = 5DCCF0165D4BCC3021581B24 /* Pods.release.xcconfig */;
			buildSettings = {
				ASSETCATALOG_COMPILER_APPICON_NAME = AppIcon;
				INFOPLIST_FILE = BossBuy/Info.plist;
				IPHONEOS_DEPLOYMENT_TARGET = 7.0;
				LD_RUNPATH_SEARCH_PATHS = "$(inherited) @executable_path/Frameworks";
				PRODUCT_NAME = "$(TARGET_NAME)";
			};
			name = Release;
		};
		181621041B3D25AD0031C1F3 /* Debug */ = {
			isa = XCBuildConfiguration;
			buildSettings = {
				BUNDLE_LOADER = "$(TEST_HOST)";
				FRAMEWORK_SEARCH_PATHS = (
					"$(SDKROOT)/Developer/Library/Frameworks",
					"$(inherited)",
				);
				GCC_PREPROCESSOR_DEFINITIONS = (
					"DEBUG=1",
					"$(inherited)",
				);
				INFOPLIST_FILE = BossBuyTests/Info.plist;
				LD_RUNPATH_SEARCH_PATHS = "$(inherited) @executable_path/Frameworks @loader_path/Frameworks";
				PRODUCT_NAME = "$(TARGET_NAME)";
				TEST_HOST = "$(BUILT_PRODUCTS_DIR)/BossBuy.app/BossBuy";
			};
			name = Debug;
		};
		181621051B3D25AD0031C1F3 /* Release */ = {
			isa = XCBuildConfiguration;
			buildSettings = {
				BUNDLE_LOADER = "$(TEST_HOST)";
				FRAMEWORK_SEARCH_PATHS = (
					"$(SDKROOT)/Developer/Library/Frameworks",
					"$(inherited)",
				);
				INFOPLIST_FILE = BossBuyTests/Info.plist;
				LD_RUNPATH_SEARCH_PATHS = "$(inherited) @executable_path/Frameworks @loader_path/Frameworks";
				PRODUCT_NAME = "$(TARGET_NAME)";
				TEST_HOST = "$(BUILT_PRODUCTS_DIR)/BossBuy.app/BossBuy";
			};
			name = Release;
		};
/* End XCBuildConfiguration section */

/* Begin XCConfigurationList section */
		181620D51B3D25AD0031C1F3 /* Build configuration list for PBXProject "BossBuy" */ = {
			isa = XCConfigurationList;
			buildConfigurations = (
				181620FE1B3D25AD0031C1F3 /* Debug */,
				181620FF1B3D25AD0031C1F3 /* Release */,
			);
			defaultConfigurationIsVisible = 0;
			defaultConfigurationName = Release;
		};
		181621001B3D25AD0031C1F3 /* Build configuration list for PBXNativeTarget "BossBuy" */ = {
			isa = XCConfigurationList;
			buildConfigurations = (
				181621011B3D25AD0031C1F3 /* Debug */,
				181621021B3D25AD0031C1F3 /* Release */,
			);
			defaultConfigurationIsVisible = 0;
			defaultConfigurationName = Release;
		};
		181621031B3D25AD0031C1F3 /* Build configuration list for PBXNativeTarget "BossBuyTests" */ = {
			isa = XCConfigurationList;
			buildConfigurations = (
				181621041B3D25AD0031C1F3 /* Debug */,
				181621051B3D25AD0031C1F3 /* Release */,
			);
			defaultConfigurationIsVisible = 0;
			defaultConfigurationName = Release;
		};
/* End XCConfigurationList section */

/* Begin XCVersionGroup section */
		181620E41B3D25AD0031C1F3 /* BossBuy.xcdatamodeld */ = {
			isa = XCVersionGroup;
			children = (
				181620E51B3D25AD0031C1F3 /* BossBuy.xcdatamodel */,
			);
			currentVersion = 181620E51B3D25AD0031C1F3 /* BossBuy.xcdatamodel */;
			path = BossBuy.xcdatamodeld;
			sourceTree = "<group>";
			versionGroupType = wrapper.xcdatamodel;
		};
/* End XCVersionGroup section */
	};
	rootObject = 181620D21B3D25AD0031C1F3 /* Project object */;
}
